
Microsoft Visual Studio Solution File, Format Version 12.00
# Visual Studio Version 16
VisualStudioVersion = 16.0.32126.315
MinimumVisualStudioVersion = 10.0.40219.1
Project("{FAE04EC0-301F-11D3-BF4B-00C04F79EFBC}") = "N09312102", "N09312102\N09312102.csproj", "{EAF80C97-A080-47BC-B131-99F3F09A8DD7}"
EndProject
Global
	GlobalSection(SolutionConfigurationPlatforms) = preSolution
		Debug|Any CPU = Debug|Any CPU
		Release|Any CPU = Release|Any CPU
	EndGlobalSection
	GlobalSection(ProjectConfigurationPlatforms) = postSolution
		{EAF80C97-A080-47BC-B131-99F3F09A8DD7}.Debug|Any CPU.ActiveCfg = Debug|Any CPU
		{EAF80C97-A080-47BC-B131-99F3F09A8DD7}.Debug|Any CPU.Build.0 = Debug|Any CPU
		{EAF80C97-A080-47BC-B131-99F3F09A8DD7}.Release|Any CPU.ActiveCfg = Release|Any CPU
		{EAF80C97-A080-47BC-B131-99F3F09A8DD7}.Release|Any CPU.Build.0 = Release|Any CPU
	EndGlobalSection
	GlobalSection(SolutionProperties) = preSolution
		HideSolutionNode = FALSE
	EndGlobalSection
	GlobalSection(ExtensibilityGlobals) = postSolution
		SolutionGuid = {8495BAA2-6186-43FB-9F1C-ED6DD65751EE}
	EndGlobalSection
EndGlobal
